// !$*UTF8*$!
{
	archiveVersion = 1;
	classes = {
	};
	objectVersion = 51;
	objects = {

/* Begin PBXBuildFile section */
		41C509610B9846C2C4F560CC /* Pods_SpotifyMVVMTests.framework in Frameworks */ = {isa = PBXBuildFile; fileRef = C983C8FAF501F006F558668A /* Pods_SpotifyMVVMTests.framework */; };
		7A10372F65CFDDED9E45A35C /* Pods_SpotifyMVVM.framework in Frameworks */ = {isa = PBXBuildFile; fileRef = 267AD9FA902A80C3B2B906DF /* Pods_SpotifyMVVM.framework */; };
		8608BAD4251E33D9004F849F /* DIContainer.swift in Sources */ = {isa = PBXBuildFile; fileRef = 8608BAD3251E33D9004F849F /* DIContainer.swift */; };
		8608BAD7251E356E004F849F /* SceneAssembly.swift in Sources */ = {isa = PBXBuildFile; fileRef = 8608BAD6251E356E004F849F /* SceneAssembly.swift */; };
		8608BADC251E3684004F849F /* LoginAssembly.swift in Sources */ = {isa = PBXBuildFile; fileRef = 8608BADB251E3684004F849F /* LoginAssembly.swift */; };
		8608BADF251E376D004F849F /* LoginViewModel.swift in Sources */ = {isa = PBXBuildFile; fileRef = 8608BADE251E376D004F849F /* LoginViewModel.swift */; };
		8608BAE1251E377A004F849F /* LoginViewModelProtocol.swift in Sources */ = {isa = PBXBuildFile; fileRef = 8608BAE0251E377A004F849F /* LoginViewModelProtocol.swift */; };
		8608BAF1251E4DDF004F849F /* StoryboardProtocol.swift in Sources */ = {isa = PBXBuildFile; fileRef = 8608BAF0251E4DDF004F849F /* StoryboardProtocol.swift */; };
		8608BAF4251E522D004F849F /* NavigationHandler.swift in Sources */ = {isa = PBXBuildFile; fileRef = 8608BAF3251E522D004F849F /* NavigationHandler.swift */; };
		8608BAF8251E5B1B004F849F /* LoginBuilder.swift in Sources */ = {isa = PBXBuildFile; fileRef = 8608BAF7251E5B1B004F849F /* LoginBuilder.swift */; };
		8608BAFA251E60A2004F849F /* HomeAssembly.swift in Sources */ = {isa = PBXBuildFile; fileRef = 8608BAF9251E60A2004F849F /* HomeAssembly.swift */; };
		8608BAFC251E60C8004F849F /* HomeViewModelProtocol.swift in Sources */ = {isa = PBXBuildFile; fileRef = 8608BAFB251E60C8004F849F /* HomeViewModelProtocol.swift */; };
		8608BAFE251E61DD004F849F /* HomeBuilder.swift in Sources */ = {isa = PBXBuildFile; fileRef = 8608BAFD251E61DD004F849F /* HomeBuilder.swift */; };
		862737E624F19D78007553FA /* AppDelegate.swift in Sources */ = {isa = PBXBuildFile; fileRef = 862737E524F19D78007553FA /* AppDelegate.swift */; };
		862737E824F19D78007553FA /* SceneDelegate.swift in Sources */ = {isa = PBXBuildFile; fileRef = 862737E724F19D78007553FA /* SceneDelegate.swift */; };
		862737EF24F19D7B007553FA /* Assets.xcassets in Resources */ = {isa = PBXBuildFile; fileRef = 862737EE24F19D7B007553FA /* Assets.xcassets */; };
		862737F224F19D7B007553FA /* LaunchScreen.storyboard in Resources */ = {isa = PBXBuildFile; fileRef = 862737F024F19D7B007553FA /* LaunchScreen.storyboard */; };
		862737FD24F19D7B007553FA /* SpotifyMVVMTests.swift in Sources */ = {isa = PBXBuildFile; fileRef = 862737FC24F19D7B007553FA /* SpotifyMVVMTests.swift */; };
		8627380824F19D7B007553FA /* SpotifyMVVMUITests.swift in Sources */ = {isa = PBXBuildFile; fileRef = 8627380724F19D7B007553FA /* SpotifyMVVMUITests.swift */; };
		8627381D24F1A41E007553FA /* Base.storyboard in Resources */ = {isa = PBXBuildFile; fileRef = 8627381C24F1A41E007553FA /* Base.storyboard */; };
		8627381F24F1A440007553FA /* BaseViewController.swift in Sources */ = {isa = PBXBuildFile; fileRef = 8627381E24F1A440007553FA /* BaseViewController.swift */; };
		8627382124F1A4AD007553FA /* BaseNavigationController.swift in Sources */ = {isa = PBXBuildFile; fileRef = 8627382024F1A4AD007553FA /* BaseNavigationController.swift */; };
		8627382424F1A54D007553FA /* HomeViewController.swift in Sources */ = {isa = PBXBuildFile; fileRef = 8627382324F1A54D007553FA /* HomeViewController.swift */; };
		8627382724F1A9A8007553FA /* UIColor+Extension.swift in Sources */ = {isa = PBXBuildFile; fileRef = 8627382624F1A9A8007553FA /* UIColor+Extension.swift */; };
		8627382924F1AA98007553FA /* UIFont+Extension.swift in Sources */ = {isa = PBXBuildFile; fileRef = 8627382824F1AA98007553FA /* UIFont+Extension.swift */; };
		8627382E24F1ACDB007553FA /* SourceSansPro-Light.ttf in Resources */ = {isa = PBXBuildFile; fileRef = 8627382A24F1ACDB007553FA /* SourceSansPro-Light.ttf */; };
		8627382F24F1ACDB007553FA /* SourceSansPro-SemiBold.ttf in Resources */ = {isa = PBXBuildFile; fileRef = 8627382B24F1ACDB007553FA /* SourceSansPro-SemiBold.ttf */; };
		8627383024F1ACDB007553FA /* SourceSansPro-Regular.ttf in Resources */ = {isa = PBXBuildFile; fileRef = 8627382C24F1ACDB007553FA /* SourceSansPro-Regular.ttf */; };
		8627383124F1ACDB007553FA /* SourceSansPro-Bold.ttf in Resources */ = {isa = PBXBuildFile; fileRef = 8627382D24F1ACDB007553FA /* SourceSansPro-Bold.ttf */; };
		8627383424F1B005007553FA /* Static.swift in Sources */ = {isa = PBXBuildFile; fileRef = 8627383324F1B005007553FA /* Static.swift */; };
		86348EA324F2BEA70073A4DE /* HomeTableViewCell.swift in Sources */ = {isa = PBXBuildFile; fileRef = 86348EA224F2BEA70073A4DE /* HomeTableViewCell.swift */; };
		86348EA624F2C4A90073A4DE /* HomeGroupModel.swift in Sources */ = {isa = PBXBuildFile; fileRef = 86348EA524F2C4A90073A4DE /* HomeGroupModel.swift */; };
		86348EA824F2C5BE0073A4DE /* CategoryModel.swift in Sources */ = {isa = PBXBuildFile; fileRef = 86348EA724F2C5BE0073A4DE /* CategoryModel.swift */; };
		86348EAA24F2C63F0073A4DE /* SongModel.swift in Sources */ = {isa = PBXBuildFile; fileRef = 86348EA924F2C63F0073A4DE /* SongModel.swift */; };
		86348EAC24F2D91C0073A4DE /* HomeCollectionViewCell.swift in Sources */ = {isa = PBXBuildFile; fileRef = 86348EAB24F2D91C0073A4DE /* HomeCollectionViewCell.swift */; };
		86348EAE24F334BD0073A4DE /* VerticalCollectionView.swift in Sources */ = {isa = PBXBuildFile; fileRef = 86348EAD24F334BD0073A4DE /* VerticalCollectionView.swift */; };
		863D0CF224F7262D00D9855F /* SpotifyiOS.framework in Frameworks */ = {isa = PBXBuildFile; fileRef = 863D0CF124F7262D00D9855F /* SpotifyiOS.framework */; };
		863D0CF824F7291400D9855F /* LoginViewController.swift in Sources */ = {isa = PBXBuildFile; fileRef = 863D0CF724F7291400D9855F /* LoginViewController.swift */; };
		863D0CFA24F72E2C00D9855F /* SpotifyLoginButton.swift in Sources */ = {isa = PBXBuildFile; fileRef = 863D0CF924F72E2C00D9855F /* SpotifyLoginButton.swift */; };
		864F2A0D24F3F8D100D00E68 /* ArtistProfileViewController.swift in Sources */ = {isa = PBXBuildFile; fileRef = 864F2A0C24F3F8D100D00E68 /* ArtistProfileViewController.swift */; };
		868DA3D4251D312800AE9C16 /* SpotifyViewStateDelegate.swift in Sources */ = {isa = PBXBuildFile; fileRef = 868DA3D3251D312800AE9C16 /* SpotifyViewStateDelegate.swift */; };
		868DA3D6251D7A3000AE9C16 /* HomeViewModel.swift in Sources */ = {isa = PBXBuildFile; fileRef = 868DA3D5251D7A3000AE9C16 /* HomeViewModel.swift */; };
		86E5D62324F1E0C700434580 /* Localizable.strings in Resources */ = {isa = PBXBuildFile; fileRef = 86E5D62524F1E0C700434580 /* Localizable.strings */; };
		9CB42AD0D8A9B29A282825D7 /* Pods_SpotifyMVVM_SpotifyMVVMUITests.framework in Frameworks */ = {isa = PBXBuildFile; fileRef = 0A61DDC769529ADA3AD2016E /* Pods_SpotifyMVVM_SpotifyMVVMUITests.framework */; };
/* End PBXBuildFile section */

/* Begin PBXContainerItemProxy section */
		862737F924F19D7B007553FA /* PBXContainerItemProxy */ = {
			isa = PBXContainerItemProxy;
			containerPortal = 862737DA24F19D78007553FA /* Project object */;
			proxyType = 1;
			remoteGlobalIDString = 862737E124F19D78007553FA;
			remoteInfo = SpotifyMVVM;
		};
		8627380424F19D7B007553FA /* PBXContainerItemProxy */ = {
			isa = PBXContainerItemProxy;
			containerPortal = 862737DA24F19D78007553FA /* Project object */;
			proxyType = 1;
			remoteGlobalIDString = 862737E124F19D78007553FA;
			remoteInfo = SpotifyMVVM;
		};
/* End PBXContainerItemProxy section */

/* Begin PBXFileReference section */
		0A61DDC769529ADA3AD2016E /* Pods_SpotifyMVVM_SpotifyMVVMUITests.framework */ = {isa = PBXFileReference; explicitFileType = wrapper.framework; includeInIndex = 0; path = Pods_SpotifyMVVM_SpotifyMVVMUITests.framework; sourceTree = BUILT_PRODUCTS_DIR; };
		267AD9FA902A80C3B2B906DF /* Pods_SpotifyMVVM.framework */ = {isa = PBXFileReference; explicitFileType = wrapper.framework; includeInIndex = 0; path = Pods_SpotifyMVVM.framework; sourceTree = BUILT_PRODUCTS_DIR; };
		2B834FDBBCF3BE8764D11048 /* Pods-SpotifyMVVM-SpotifyMVVMUITests.debug.xcconfig */ = {isa = PBXFileReference; includeInIndex = 1; lastKnownFileType = text.xcconfig; name = "Pods-SpotifyMVVM-SpotifyMVVMUITests.debug.xcconfig"; path = "Target Support Files/Pods-SpotifyMVVM-SpotifyMVVMUITests/Pods-SpotifyMVVM-SpotifyMVVMUITests.debug.xcconfig"; sourceTree = "<group>"; };
		3DD310FC13598050E9CD9E38 /* Pods-SpotifyMVVMTests.release.xcconfig */ = {isa = PBXFileReference; includeInIndex = 1; lastKnownFileType = text.xcconfig; name = "Pods-SpotifyMVVMTests.release.xcconfig"; path = "Target Support Files/Pods-SpotifyMVVMTests/Pods-SpotifyMVVMTests.release.xcconfig"; sourceTree = "<group>"; };
		6D1164DC074EB16995893A9B /* Pods-SpotifyMVVM.release.xcconfig */ = {isa = PBXFileReference; includeInIndex = 1; lastKnownFileType = text.xcconfig; name = "Pods-SpotifyMVVM.release.xcconfig"; path = "Target Support Files/Pods-SpotifyMVVM/Pods-SpotifyMVVM.release.xcconfig"; sourceTree = "<group>"; };
		7AE1CB8CE9A3CC0D8E179956 /* Pods-SpotifyMVVMTests.debug.xcconfig */ = {isa = PBXFileReference; includeInIndex = 1; lastKnownFileType = text.xcconfig; name = "Pods-SpotifyMVVMTests.debug.xcconfig"; path = "Target Support Files/Pods-SpotifyMVVMTests/Pods-SpotifyMVVMTests.debug.xcconfig"; sourceTree = "<group>"; };
		7B7861638A817EB9E7D5635B /* Pods-SpotifyMVVM-SpotifyMVVMUITests.release.xcconfig */ = {isa = PBXFileReference; includeInIndex = 1; lastKnownFileType = text.xcconfig; name = "Pods-SpotifyMVVM-SpotifyMVVMUITests.release.xcconfig"; path = "Target Support Files/Pods-SpotifyMVVM-SpotifyMVVMUITests/Pods-SpotifyMVVM-SpotifyMVVMUITests.release.xcconfig"; sourceTree = "<group>"; };
		8608BAD3251E33D9004F849F /* DIContainer.swift */ = {isa = PBXFileReference; lastKnownFileType = sourcecode.swift; path = DIContainer.swift; sourceTree = "<group>"; };
		8608BAD6251E356E004F849F /* SceneAssembly.swift */ = {isa = PBXFileReference; lastKnownFileType = sourcecode.swift; path = SceneAssembly.swift; sourceTree = "<group>"; };
		8608BADB251E3684004F849F /* LoginAssembly.swift */ = {isa = PBXFileReference; lastKnownFileType = sourcecode.swift; path = LoginAssembly.swift; sourceTree = "<group>"; };
		8608BADE251E376D004F849F /* LoginViewModel.swift */ = {isa = PBXFileReference; lastKnownFileType = sourcecode.swift; path = LoginViewModel.swift; sourceTree = "<group>"; };
		8608BAE0251E377A004F849F /* LoginViewModelProtocol.swift */ = {isa = PBXFileReference; lastKnownFileType = sourcecode.swift; path = LoginViewModelProtocol.swift; sourceTree = "<group>"; };
		8608BAF0251E4DDF004F849F /* StoryboardProtocol.swift */ = {isa = PBXFileReference; lastKnownFileType = sourcecode.swift; path = StoryboardProtocol.swift; sourceTree = "<group>"; };
		8608BAF3251E522D004F849F /* NavigationHandler.swift */ = {isa = PBXFileReference; lastKnownFileType = sourcecode.swift; path = NavigationHandler.swift; sourceTree = "<group>"; };
		8608BAF7251E5B1B004F849F /* LoginBuilder.swift */ = {isa = PBXFileReference; lastKnownFileType = sourcecode.swift; path = LoginBuilder.swift; sourceTree = "<group>"; };
		8608BAF9251E60A2004F849F /* HomeAssembly.swift */ = {isa = PBXFileReference; lastKnownFileType = sourcecode.swift; path = HomeAssembly.swift; sourceTree = "<group>"; };
		8608BAFB251E60C8004F849F /* HomeViewModelProtocol.swift */ = {isa = PBXFileReference; lastKnownFileType = sourcecode.swift; path = HomeViewModelProtocol.swift; sourceTree = "<group>"; };
		8608BAFD251E61DD004F849F /* HomeBuilder.swift */ = {isa = PBXFileReference; lastKnownFileType = sourcecode.swift; path = HomeBuilder.swift; sourceTree = "<group>"; };
		862737E224F19D78007553FA /* SpotifyMVVM.app */ = {isa = PBXFileReference; explicitFileType = wrapper.application; includeInIndex = 0; path = SpotifyMVVM.app; sourceTree = BUILT_PRODUCTS_DIR; };
		862737E524F19D78007553FA /* AppDelegate.swift */ = {isa = PBXFileReference; lastKnownFileType = sourcecode.swift; path = AppDelegate.swift; sourceTree = "<group>"; };
		862737E724F19D78007553FA /* SceneDelegate.swift */ = {isa = PBXFileReference; lastKnownFileType = sourcecode.swift; path = SceneDelegate.swift; sourceTree = "<group>"; };
		862737EE24F19D7B007553FA /* Assets.xcassets */ = {isa = PBXFileReference; lastKnownFileType = folder.assetcatalog; path = Assets.xcassets; sourceTree = "<group>"; };
		862737F124F19D7B007553FA /* Base */ = {isa = PBXFileReference; lastKnownFileType = file.storyboard; name = Base; path = Base.lproj/LaunchScreen.storyboard; sourceTree = "<group>"; };
		862737F324F19D7B007553FA /* Info.plist */ = {isa = PBXFileReference; lastKnownFileType = text.plist.xml; path = Info.plist; sourceTree = "<group>"; };
		862737F824F19D7B007553FA /* SpotifyMVVMTests.xctest */ = {isa = PBXFileReference; explicitFileType = wrapper.cfbundle; includeInIndex = 0; path = SpotifyMVVMTests.xctest; sourceTree = BUILT_PRODUCTS_DIR; };
		862737FC24F19D7B007553FA /* SpotifyMVVMTests.swift */ = {isa = PBXFileReference; lastKnownFileType = sourcecode.swift; path = SpotifyMVVMTests.swift; sourceTree = "<group>"; };
		862737FE24F19D7B007553FA /* Info.plist */ = {isa = PBXFileReference; lastKnownFileType = text.plist.xml; path = Info.plist; sourceTree = "<group>"; };
		8627380324F19D7B007553FA /* SpotifyMVVMUITests.xctest */ = {isa = PBXFileReference; explicitFileType = wrapper.cfbundle; includeInIndex = 0; path = SpotifyMVVMUITests.xctest; sourceTree = BUILT_PRODUCTS_DIR; };
		8627380724F19D7B007553FA /* SpotifyMVVMUITests.swift */ = {isa = PBXFileReference; lastKnownFileType = sourcecode.swift; path = SpotifyMVVMUITests.swift; sourceTree = "<group>"; };
		8627380924F19D7B007553FA /* Info.plist */ = {isa = PBXFileReference; lastKnownFileType = text.plist.xml; path = Info.plist; sourceTree = "<group>"; };
		8627381C24F1A41E007553FA /* Base.storyboard */ = {isa = PBXFileReference; lastKnownFileType = file.storyboard; path = Base.storyboard; sourceTree = "<group>"; };
		8627381E24F1A440007553FA /* BaseViewController.swift */ = {isa = PBXFileReference; lastKnownFileType = sourcecode.swift; path = BaseViewController.swift; sourceTree = "<group>"; };
		8627382024F1A4AD007553FA /* BaseNavigationController.swift */ = {isa = PBXFileReference; lastKnownFileType = sourcecode.swift; path = BaseNavigationController.swift; sourceTree = "<group>"; };
		8627382324F1A54D007553FA /* HomeViewController.swift */ = {isa = PBXFileReference; lastKnownFileType = sourcecode.swift; path = HomeViewController.swift; sourceTree = "<group>"; };
		8627382624F1A9A8007553FA /* UIColor+Extension.swift */ = {isa = PBXFileReference; lastKnownFileType = sourcecode.swift; path = "UIColor+Extension.swift"; sourceTree = "<group>"; };
		8627382824F1AA98007553FA /* UIFont+Extension.swift */ = {isa = PBXFileReference; lastKnownFileType = sourcecode.swift; path = "UIFont+Extension.swift"; sourceTree = "<group>"; };
		8627382A24F1ACDB007553FA /* SourceSansPro-Light.ttf */ = {isa = PBXFileReference; lastKnownFileType = file; path = "SourceSansPro-Light.ttf"; sourceTree = "<group>"; };
		8627382B24F1ACDB007553FA /* SourceSansPro-SemiBold.ttf */ = {isa = PBXFileReference; lastKnownFileType = file; path = "SourceSansPro-SemiBold.ttf"; sourceTree = "<group>"; };
		8627382C24F1ACDB007553FA /* SourceSansPro-Regular.ttf */ = {isa = PBXFileReference; lastKnownFileType = file; path = "SourceSansPro-Regular.ttf"; sourceTree = "<group>"; };
		8627382D24F1ACDB007553FA /* SourceSansPro-Bold.ttf */ = {isa = PBXFileReference; lastKnownFileType = file; path = "SourceSansPro-Bold.ttf"; sourceTree = "<group>"; };
		8627383324F1B005007553FA /* Static.swift */ = {isa = PBXFileReference; lastKnownFileType = sourcecode.swift; path = Static.swift; sourceTree = "<group>"; };
		86348EA224F2BEA70073A4DE /* HomeTableViewCell.swift */ = {isa = PBXFileReference; lastKnownFileType = sourcecode.swift; path = HomeTableViewCell.swift; sourceTree = "<group>"; };
		86348EA524F2C4A90073A4DE /* HomeGroupModel.swift */ = {isa = PBXFileReference; lastKnownFileType = sourcecode.swift; path = HomeGroupModel.swift; sourceTree = "<group>"; };
		86348EA724F2C5BE0073A4DE /* CategoryModel.swift */ = {isa = PBXFileReference; lastKnownFileType = sourcecode.swift; path = CategoryModel.swift; sourceTree = "<group>"; };
		86348EA924F2C63F0073A4DE /* SongModel.swift */ = {isa = PBXFileReference; lastKnownFileType = sourcecode.swift; path = SongModel.swift; sourceTree = "<group>"; };
		86348EAB24F2D91C0073A4DE /* HomeCollectionViewCell.swift */ = {isa = PBXFileReference; lastKnownFileType = sourcecode.swift; path = HomeCollectionViewCell.swift; sourceTree = "<group>"; };
		86348EAD24F334BD0073A4DE /* VerticalCollectionView.swift */ = {isa = PBXFileReference; lastKnownFileType = sourcecode.swift; path = VerticalCollectionView.swift; sourceTree = "<group>"; };
		863D0CF124F7262D00D9855F /* SpotifyiOS.framework */ = {isa = PBXFileReference; lastKnownFileType = wrapper.framework; name = SpotifyiOS.framework; path = Frameworks/SpotifyiOS.framework; sourceTree = "<group>"; };
		863D0CF524F727C900D9855F /* SpotifyMVVM-Bridge.h */ = {isa = PBXFileReference; lastKnownFileType = sourcecode.c.h; path = "SpotifyMVVM-Bridge.h"; sourceTree = "<group>"; };
		863D0CF724F7291400D9855F /* LoginViewController.swift */ = {isa = PBXFileReference; lastKnownFileType = sourcecode.swift; path = LoginViewController.swift; sourceTree = "<group>"; };
		863D0CF924F72E2C00D9855F /* SpotifyLoginButton.swift */ = {isa = PBXFileReference; lastKnownFileType = sourcecode.swift; path = SpotifyLoginButton.swift; sourceTree = "<group>"; };
		864F2A0C24F3F8D100D00E68 /* ArtistProfileViewController.swift */ = {isa = PBXFileReference; lastKnownFileType = sourcecode.swift; path = ArtistProfileViewController.swift; sourceTree = "<group>"; };
		868DA3D3251D312800AE9C16 /* SpotifyViewStateDelegate.swift */ = {isa = PBXFileReference; lastKnownFileType = sourcecode.swift; path = SpotifyViewStateDelegate.swift; sourceTree = "<group>"; };
		868DA3D5251D7A3000AE9C16 /* HomeViewModel.swift */ = {isa = PBXFileReference; lastKnownFileType = sourcecode.swift; path = HomeViewModel.swift; sourceTree = "<group>"; };
		86E5D62424F1E0C700434580 /* en */ = {isa = PBXFileReference; lastKnownFileType = text.plist.strings; name = en; path = en.lproj/Localizable.strings; sourceTree = "<group>"; };
		86E5D62624F1E0D600434580 /* es-419 */ = {isa = PBXFileReference; lastKnownFileType = text.plist.strings; name = "es-419"; path = "es-419.lproj/LaunchScreen.strings"; sourceTree = "<group>"; };
		86E5D62724F1E0D700434580 /* es-419 */ = {isa = PBXFileReference; lastKnownFileType = text.plist.strings; name = "es-419"; path = "es-419.lproj/Localizable.strings"; sourceTree = "<group>"; };
		C983C8FAF501F006F558668A /* Pods_SpotifyMVVMTests.framework */ = {isa = PBXFileReference; explicitFileType = wrapper.framework; includeInIndex = 0; path = Pods_SpotifyMVVMTests.framework; sourceTree = BUILT_PRODUCTS_DIR; };
		CF02A677B4A969D84030D808 /* Pods-SpotifyMVVM.debug.xcconfig */ = {isa = PBXFileReference; includeInIndex = 1; lastKnownFileType = text.xcconfig; name = "Pods-SpotifyMVVM.debug.xcconfig"; path = "Target Support Files/Pods-SpotifyMVVM/Pods-SpotifyMVVM.debug.xcconfig"; sourceTree = "<group>"; };
/* End PBXFileReference section */

/* Begin PBXFrameworksBuildPhase section */
		862737DF24F19D78007553FA /* Frameworks */ = {
			isa = PBXFrameworksBuildPhase;
			buildActionMask = 2147483647;
			files = (
				863D0CF224F7262D00D9855F /* SpotifyiOS.framework in Frameworks */,
				7A10372F65CFDDED9E45A35C /* Pods_SpotifyMVVM.framework in Frameworks */,
			);
			runOnlyForDeploymentPostprocessing = 0;
		};
		862737F524F19D7B007553FA /* Frameworks */ = {
			isa = PBXFrameworksBuildPhase;
			buildActionMask = 2147483647;
			files = (
				41C509610B9846C2C4F560CC /* Pods_SpotifyMVVMTests.framework in Frameworks */,
			);
			runOnlyForDeploymentPostprocessing = 0;
		};
		8627380024F19D7B007553FA /* Frameworks */ = {
			isa = PBXFrameworksBuildPhase;
			buildActionMask = 2147483647;
			files = (
				9CB42AD0D8A9B29A282825D7 /* Pods_SpotifyMVVM_SpotifyMVVMUITests.framework in Frameworks */,
			);
			runOnlyForDeploymentPostprocessing = 0;
		};
/* End PBXFrameworksBuildPhase section */

/* Begin PBXGroup section */
		0F009C2066DE8C5CE855F6B7 /* Pods */ = {
			isa = PBXGroup;
			children = (
				CF02A677B4A969D84030D808 /* Pods-SpotifyMVVM.debug.xcconfig */,
				6D1164DC074EB16995893A9B /* Pods-SpotifyMVVM.release.xcconfig */,
				2B834FDBBCF3BE8764D11048 /* Pods-SpotifyMVVM-SpotifyMVVMUITests.debug.xcconfig */,
				7B7861638A817EB9E7D5635B /* Pods-SpotifyMVVM-SpotifyMVVMUITests.release.xcconfig */,
				7AE1CB8CE9A3CC0D8E179956 /* Pods-SpotifyMVVMTests.debug.xcconfig */,
				3DD310FC13598050E9CD9E38 /* Pods-SpotifyMVVMTests.release.xcconfig */,
			);
			path = Pods;
			sourceTree = "<group>";
		};
		1A51E2C9E6DC4A71F9005C81 /* Frameworks */ = {
			isa = PBXGroup;
			children = (
				863D0CF124F7262D00D9855F /* SpotifyiOS.framework */,
				267AD9FA902A80C3B2B906DF /* Pods_SpotifyMVVM.framework */,
				0A61DDC769529ADA3AD2016E /* Pods_SpotifyMVVM_SpotifyMVVMUITests.framework */,
				C983C8FAF501F006F558668A /* Pods_SpotifyMVVMTests.framework */,
			);
			name = Frameworks;
			sourceTree = "<group>";
		};
		8608BAD2251E33C3004F849F /* DependencyInjection */ = {
			isa = PBXGroup;
			children = (
				8608BAD5251E353E004F849F /* DependencyAssemblers */,
				8608BAD3251E33D9004F849F /* DIContainer.swift */,
			);
			path = DependencyInjection;
			sourceTree = "<group>";
		};
		8608BAD5251E353E004F849F /* DependencyAssemblers */ = {
			isa = PBXGroup;
			children = (
				8608BAD8251E3667004F849F /* Scenes */,
				8608BAD6251E356E004F849F /* SceneAssembly.swift */,
			);
			path = DependencyAssemblers;
			sourceTree = "<group>";
		};
		8608BAD8251E3667004F849F /* Scenes */ = {
			isa = PBXGroup;
			children = (
				8608BADA251E3667004F849F /* Login */,
				8608BAD9251E3667004F849F /* Home */,
			);
			path = Scenes;
			sourceTree = "<group>";
		};
		8608BAD9251E3667004F849F /* Home */ = {
			isa = PBXGroup;
			children = (
				8608BAF9251E60A2004F849F /* HomeAssembly.swift */,
			);
			path = Home;
			sourceTree = "<group>";
		};
		8608BADA251E3667004F849F /* Login */ = {
			isa = PBXGroup;
			children = (
				8608BADB251E3684004F849F /* LoginAssembly.swift */,
			);
			path = Login;
			sourceTree = "<group>";
		};
		8608BADD251E3761004F849F /* Login */ = {
			isa = PBXGroup;
			children = (
				8608BADE251E376D004F849F /* LoginViewModel.swift */,
				8608BAE0251E377A004F849F /* LoginViewModelProtocol.swift */,
			);
			path = Login;
			sourceTree = "<group>";
		};
		8608BAE2251E4876004F849F /* Home */ = {
			isa = PBXGroup;
			children = (
				868DA3D5251D7A3000AE9C16 /* HomeViewModel.swift */,
				8608BAFB251E60C8004F849F /* HomeViewModelProtocol.swift */,
			);
			path = Home;
			sourceTree = "<group>";
		};
		8608BAF2251E521F004F849F /* Handlers */ = {
			isa = PBXGroup;
			children = (
				8608BAF3251E522D004F849F /* NavigationHandler.swift */,
			);
			path = Handlers;
			sourceTree = "<group>";
		};
		8608BAF5251E5A35004F849F /* Base */ = {
			isa = PBXGroup;
			children = (
				8627381E24F1A440007553FA /* BaseViewController.swift */,
				8627382024F1A4AD007553FA /* BaseNavigationController.swift */,
			);
			path = Base;
			sourceTree = "<group>";
		};
		862737D924F19D78007553FA = {
			isa = PBXGroup;
			children = (
				862737E424F19D78007553FA /* SpotifyMVVM */,
				862737FB24F19D7B007553FA /* SpotifyMVVMTests */,
				8627380624F19D7B007553FA /* SpotifyMVVMUITests */,
				862737E324F19D78007553FA /* Products */,
				0F009C2066DE8C5CE855F6B7 /* Pods */,
				1A51E2C9E6DC4A71F9005C81 /* Frameworks */,
			);
			sourceTree = "<group>";
		};
		862737E324F19D78007553FA /* Products */ = {
			isa = PBXGroup;
			children = (
				862737E224F19D78007553FA /* SpotifyMVVM.app */,
				862737F824F19D7B007553FA /* SpotifyMVVMTests.xctest */,
				8627380324F19D7B007553FA /* SpotifyMVVMUITests.xctest */,
			);
			name = Products;
			sourceTree = "<group>";
		};
		862737E424F19D78007553FA /* SpotifyMVVM */ = {
			isa = PBXGroup;
			children = (
				8608BAD2251E33C3004F849F /* DependencyInjection */,
				86AC768324FAB2CF009E59ED /* Storyboards */,
				8627381724F1A390007553FA /* Scenes */,
				8627383224F1AEE3007553FA /* Static */,
				8627381824F1A390007553FA /* Helpers */,
				8627381524F1A390007553FA /* Resources */,
				86AC768224FAB25E009E59ED /* Supporting Files */,
				862737EE24F19D7B007553FA /* Assets.xcassets */,
				86E5D62524F1E0C700434580 /* Localizable.strings */,
			);
			path = SpotifyMVVM;
			sourceTree = "<group>";
		};
		862737FB24F19D7B007553FA /* SpotifyMVVMTests */ = {
			isa = PBXGroup;
			children = (
				862737FC24F19D7B007553FA /* SpotifyMVVMTests.swift */,
				862737FE24F19D7B007553FA /* Info.plist */,
			);
			path = SpotifyMVVMTests;
			sourceTree = "<group>";
		};
		8627380624F19D7B007553FA /* SpotifyMVVMUITests */ = {
			isa = PBXGroup;
			children = (
				8627380724F19D7B007553FA /* SpotifyMVVMUITests.swift */,
				8627380924F19D7B007553FA /* Info.plist */,
			);
			path = SpotifyMVVMUITests;
			sourceTree = "<group>";
		};
		8627381524F1A390007553FA /* Resources */ = {
			isa = PBXGroup;
			children = (
				8627381624F1A390007553FA /* Fonts */,
			);
			path = Resources;
			sourceTree = "<group>";
		};
		8627381624F1A390007553FA /* Fonts */ = {
			isa = PBXGroup;
			children = (
				8627382D24F1ACDB007553FA /* SourceSansPro-Bold.ttf */,
				8627382A24F1ACDB007553FA /* SourceSansPro-Light.ttf */,
				8627382C24F1ACDB007553FA /* SourceSansPro-Regular.ttf */,
				8627382B24F1ACDB007553FA /* SourceSansPro-SemiBold.ttf */,
			);
			path = Fonts;
			sourceTree = "<group>";
		};
		8627381724F1A390007553FA /* Scenes */ = {
			isa = PBXGroup;
			children = (
				8627381924F1A40C007553FA /* ViewComponents */,
				8627381A24F1A40C007553FA /* ViewModels */,
				8627381B24F1A40C007553FA /* Views */,
				86348EA424F2C4570073A4DE /* Entities */,
			);
			path = Scenes;
			sourceTree = "<group>";
		};
		8627381824F1A390007553FA /* Helpers */ = {
			isa = PBXGroup;
			children = (
				8608BAF2251E521F004F849F /* Handlers */,
				868DA3D2251D310D00AE9C16 /* Protocols */,
				8627382524F1A98E007553FA /* Extensions */,
			);
			path = Helpers;
			sourceTree = "<group>";
		};
		8627381924F1A40C007553FA /* ViewComponents */ = {
			isa = PBXGroup;
			children = (
				86AC768124FAB219009E59ED /* Buttons */,
				86AC767F24FAB1FA009E59ED /* CustomViews */,
				86AC768024FAB1FA009E59ED /* Layouts */,
			);
			path = ViewComponents;
			sourceTree = "<group>";
		};
		8627381A24F1A40C007553FA /* ViewModels */ = {
			isa = PBXGroup;
			children = (
				8608BADD251E3761004F849F /* Login */,
				8608BAE2251E4876004F849F /* Home */,
			);
			path = ViewModels;
			sourceTree = "<group>";
		};
		8627381B24F1A40C007553FA /* Views */ = {
			isa = PBXGroup;
			children = (
				8608BAF5251E5A35004F849F /* Base */,
				863D0CF624F728FE00D9855F /* Login */,
				8627382224F1A516007553FA /* Home */,
				864F2A0B24F3F8B600D00E68 /* Artist */,
			);
			path = Views;
			sourceTree = "<group>";
		};
		8627382224F1A516007553FA /* Home */ = {
			isa = PBXGroup;
			children = (
				8627382324F1A54D007553FA /* HomeViewController.swift */,
				86348EA224F2BEA70073A4DE /* HomeTableViewCell.swift */,
				86348EAB24F2D91C0073A4DE /* HomeCollectionViewCell.swift */,
				8608BAFD251E61DD004F849F /* HomeBuilder.swift */,
			);
			path = Home;
			sourceTree = "<group>";
		};
		8627382524F1A98E007553FA /* Extensions */ = {
			isa = PBXGroup;
			children = (
				8627382624F1A9A8007553FA /* UIColor+Extension.swift */,
				8627382824F1AA98007553FA /* UIFont+Extension.swift */,
			);
			path = Extensions;
			sourceTree = "<group>";
		};
		8627383224F1AEE3007553FA /* Static */ = {
			isa = PBXGroup;
			children = (
				8627383324F1B005007553FA /* Static.swift */,
			);
			path = Static;
			sourceTree = "<group>";
		};
		86348EA424F2C4570073A4DE /* Entities */ = {
			isa = PBXGroup;
			children = (
				86348EA524F2C4A90073A4DE /* HomeGroupModel.swift */,
				86348EA724F2C5BE0073A4DE /* CategoryModel.swift */,
				86348EA924F2C63F0073A4DE /* SongModel.swift */,
			);
			path = Entities;
			sourceTree = "<group>";
		};
		863D0CF624F728FE00D9855F /* Login */ = {
			isa = PBXGroup;
			children = (
				863D0CF724F7291400D9855F /* LoginViewController.swift */,
				8608BAF7251E5B1B004F849F /* LoginBuilder.swift */,
			);
			path = Login;
			sourceTree = "<group>";
		};
		864F2A0B24F3F8B600D00E68 /* Artist */ = {
			isa = PBXGroup;
			children = (
				864F2A0C24F3F8D100D00E68 /* ArtistProfileViewController.swift */,
			);
			path = Artist;
			sourceTree = "<group>";
		};
		868DA3D2251D310D00AE9C16 /* Protocols */ = {
			isa = PBXGroup;
			children = (
				868DA3D3251D312800AE9C16 /* SpotifyViewStateDelegate.swift */,
				8608BAF0251E4DDF004F849F /* StoryboardProtocol.swift */,
			);
			path = Protocols;
			sourceTree = "<group>";
		};
		86AC767F24FAB1FA009E59ED /* CustomViews */ = {
			isa = PBXGroup;
			children = (
			);
			path = CustomViews;
			sourceTree = "<group>";
		};
		86AC768024FAB1FA009E59ED /* Layouts */ = {
			isa = PBXGroup;
			children = (
				86348EAD24F334BD0073A4DE /* VerticalCollectionView.swift */,
			);
			path = Layouts;
			sourceTree = "<group>";
		};
		86AC768124FAB219009E59ED /* Buttons */ = {
			isa = PBXGroup;
			children = (
				863D0CF924F72E2C00D9855F /* SpotifyLoginButton.swift */,
			);
			path = Buttons;
			sourceTree = "<group>";
		};
		86AC768224FAB25E009E59ED /* Supporting Files */ = {
			isa = PBXGroup;
			children = (
				862737E524F19D78007553FA /* AppDelegate.swift */,
				862737E724F19D78007553FA /* SceneDelegate.swift */,
				862737F324F19D7B007553FA /* Info.plist */,
				863D0CF524F727C900D9855F /* SpotifyMVVM-Bridge.h */,
			);
			path = "Supporting Files";
			sourceTree = "<group>";
		};
		86AC768324FAB2CF009E59ED /* Storyboards */ = {
			isa = PBXGroup;
			children = (
				862737F024F19D7B007553FA /* LaunchScreen.storyboard */,
				8627381C24F1A41E007553FA /* Base.storyboard */,
			);
			path = Storyboards;
			sourceTree = "<group>";
		};
/* End PBXGroup section */

/* Begin PBXNativeTarget section */
		862737E124F19D78007553FA /* SpotifyMVVM */ = {
			isa = PBXNativeTarget;
			buildConfigurationList = 8627380C24F19D7B007553FA /* Build configuration list for PBXNativeTarget "SpotifyMVVM" */;
			buildPhases = (
				BCFF50E6320F731219BD6ACF /* [CP] Check Pods Manifest.lock */,
				862737DE24F19D78007553FA /* Sources */,
				862737DF24F19D78007553FA /* Frameworks */,
				862737E024F19D78007553FA /* Resources */,
				8608BAD1251E2943004F849F /* SwiftLint */,
				220A7A7A5677C92E9A8643A8 /* [CP] Embed Pods Frameworks */,
			);
			buildRules = (
			);
			dependencies = (
			);
			name = SpotifyMVVM;
			productName = SpotifyMVVM;
			productReference = 862737E224F19D78007553FA /* SpotifyMVVM.app */;
			productType = "com.apple.product-type.application";
		};
		862737F724F19D7B007553FA /* SpotifyMVVMTests */ = {
			isa = PBXNativeTarget;
			buildConfigurationList = 8627380F24F19D7B007553FA /* Build configuration list for PBXNativeTarget "SpotifyMVVMTests" */;
			buildPhases = (
				D7922AD51ECA3F47FB77FDE3 /* [CP] Check Pods Manifest.lock */,
				862737F424F19D7B007553FA /* Sources */,
				862737F524F19D7B007553FA /* Frameworks */,
				862737F624F19D7B007553FA /* Resources */,
			);
			buildRules = (
			);
			dependencies = (
				862737FA24F19D7B007553FA /* PBXTargetDependency */,
			);
			name = SpotifyMVVMTests;
			productName = SpotifyMVVMTests;
			productReference = 862737F824F19D7B007553FA /* SpotifyMVVMTests.xctest */;
			productType = "com.apple.product-type.bundle.unit-test";
		};
		8627380224F19D7B007553FA /* SpotifyMVVMUITests */ = {
			isa = PBXNativeTarget;
			buildConfigurationList = 8627381224F19D7B007553FA /* Build configuration list for PBXNativeTarget "SpotifyMVVMUITests" */;
			buildPhases = (
				9DB735C61FCAE165D76D1C95 /* [CP] Check Pods Manifest.lock */,
				862737FF24F19D7B007553FA /* Sources */,
				8627380024F19D7B007553FA /* Frameworks */,
				8627380124F19D7B007553FA /* Resources */,
				8E5B8D89843C2E239C95A297 /* [CP] Embed Pods Frameworks */,
			);
			buildRules = (
			);
			dependencies = (
				8627380524F19D7B007553FA /* PBXTargetDependency */,
			);
			name = SpotifyMVVMUITests;
			productName = SpotifyMVVMUITests;
			productReference = 8627380324F19D7B007553FA /* SpotifyMVVMUITests.xctest */;
			productType = "com.apple.product-type.bundle.ui-testing";
		};
/* End PBXNativeTarget section */

/* Begin PBXProject section */
		862737DA24F19D78007553FA /* Project object */ = {
			isa = PBXProject;
			attributes = {
				LastSwiftUpdateCheck = 1150;
				LastUpgradeCheck = 1150;
				ORGANIZATIONNAME = "Carlos Landaverde";
				TargetAttributes = {
					862737E124F19D78007553FA = {
						CreatedOnToolsVersion = 11.5;
					};
					862737F724F19D7B007553FA = {
						CreatedOnToolsVersion = 11.5;
						TestTargetID = 862737E124F19D78007553FA;
					};
					8627380224F19D7B007553FA = {
						CreatedOnToolsVersion = 11.5;
						TestTargetID = 862737E124F19D78007553FA;
					};
				};
			};
			buildConfigurationList = 862737DD24F19D78007553FA /* Build configuration list for PBXProject "SpotifyMVVM" */;
			compatibilityVersion = "Xcode 9.3";
			developmentRegion = en;
			hasScannedForEncodings = 0;
			knownRegions = (
				en,
				Base,
				"es-419",
			);
			mainGroup = 862737D924F19D78007553FA;
			productRefGroup = 862737E324F19D78007553FA /* Products */;
			projectDirPath = "";
			projectRoot = "";
			targets = (
				862737E124F19D78007553FA /* SpotifyMVVM */,
				862737F724F19D7B007553FA /* SpotifyMVVMTests */,
				8627380224F19D7B007553FA /* SpotifyMVVMUITests */,
			);
		};
/* End PBXProject section */

/* Begin PBXResourcesBuildPhase section */
		862737E024F19D78007553FA /* Resources */ = {
			isa = PBXResourcesBuildPhase;
			buildActionMask = 2147483647;
			files = (
				862737F224F19D7B007553FA /* LaunchScreen.storyboard in Resources */,
				8627381D24F1A41E007553FA /* Base.storyboard in Resources */,
				8627382F24F1ACDB007553FA /* SourceSansPro-SemiBold.ttf in Resources */,
				862737EF24F19D7B007553FA /* Assets.xcassets in Resources */,
				8627382E24F1ACDB007553FA /* SourceSansPro-Light.ttf in Resources */,
				86E5D62324F1E0C700434580 /* Localizable.strings in Resources */,
				8627383124F1ACDB007553FA /* SourceSansPro-Bold.ttf in Resources */,
				8627383024F1ACDB007553FA /* SourceSansPro-Regular.ttf in Resources */,
			);
			runOnlyForDeploymentPostprocessing = 0;
		};
		862737F624F19D7B007553FA /* Resources */ = {
			isa = PBXResourcesBuildPhase;
			buildActionMask = 2147483647;
			files = (
			);
			runOnlyForDeploymentPostprocessing = 0;
		};
		8627380124F19D7B007553FA /* Resources */ = {
			isa = PBXResourcesBuildPhase;
			buildActionMask = 2147483647;
			files = (
			);
			runOnlyForDeploymentPostprocessing = 0;
		};
/* End PBXResourcesBuildPhase section */

/* Begin PBXShellScriptBuildPhase section */
		220A7A7A5677C92E9A8643A8 /* [CP] Embed Pods Frameworks */ = {
			isa = PBXShellScriptBuildPhase;
			buildActionMask = 2147483647;
			files = (
			);
			inputFileListPaths = (
				"${PODS_ROOT}/Target Support Files/Pods-SpotifyMVVM/Pods-SpotifyMVVM-frameworks-${CONFIGURATION}-input-files.xcfilelist",
			);
			name = "[CP] Embed Pods Frameworks";
			outputFileListPaths = (
				"${PODS_ROOT}/Target Support Files/Pods-SpotifyMVVM/Pods-SpotifyMVVM-frameworks-${CONFIGURATION}-output-files.xcfilelist",
			);
			runOnlyForDeploymentPostprocessing = 0;
			shellPath = /bin/sh;
			shellScript = "\"${PODS_ROOT}/Target Support Files/Pods-SpotifyMVVM/Pods-SpotifyMVVM-frameworks.sh\"\n";
			showEnvVarsInLog = 0;
		};
		8608BAD1251E2943004F849F /* SwiftLint */ = {
			isa = PBXShellScriptBuildPhase;
			buildActionMask = 2147483647;
			files = (
			);
			inputFileListPaths = (
			);
			inputPaths = (
			);
			name = SwiftLint;
			outputFileListPaths = (
			);
			outputPaths = (
			);
			runOnlyForDeploymentPostprocessing = 0;
			shellPath = /bin/sh;
			shellScript = "\"${PODS_ROOT}/SwiftLint/swiftlint\"\n";
		};
		8E5B8D89843C2E239C95A297 /* [CP] Embed Pods Frameworks */ = {
			isa = PBXShellScriptBuildPhase;
			buildActionMask = 2147483647;
			files = (
			);
			inputFileListPaths = (
				"${PODS_ROOT}/Target Support Files/Pods-SpotifyMVVM-SpotifyMVVMUITests/Pods-SpotifyMVVM-SpotifyMVVMUITests-frameworks-${CONFIGURATION}-input-files.xcfilelist",
			);
			name = "[CP] Embed Pods Frameworks";
			outputFileListPaths = (
				"${PODS_ROOT}/Target Support Files/Pods-SpotifyMVVM-SpotifyMVVMUITests/Pods-SpotifyMVVM-SpotifyMVVMUITests-frameworks-${CONFIGURATION}-output-files.xcfilelist",
			);
			runOnlyForDeploymentPostprocessing = 0;
			shellPath = /bin/sh;
			shellScript = "\"${PODS_ROOT}/Target Support Files/Pods-SpotifyMVVM-SpotifyMVVMUITests/Pods-SpotifyMVVM-SpotifyMVVMUITests-frameworks.sh\"\n";
			showEnvVarsInLog = 0;
		};
		9DB735C61FCAE165D76D1C95 /* [CP] Check Pods Manifest.lock */ = {
			isa = PBXShellScriptBuildPhase;
			buildActionMask = 2147483647;
			files = (
			);
			inputFileListPaths = (
			);
			inputPaths = (
				"${PODS_PODFILE_DIR_PATH}/Podfile.lock",
				"${PODS_ROOT}/Manifest.lock",
			);
			name = "[CP] Check Pods Manifest.lock";
			outputFileListPaths = (
			);
			outputPaths = (
				"$(DERIVED_FILE_DIR)/Pods-SpotifyMVVM-SpotifyMVVMUITests-checkManifestLockResult.txt",
			);
			runOnlyForDeploymentPostprocessing = 0;
			shellPath = /bin/sh;
			shellScript = "diff \"${PODS_PODFILE_DIR_PATH}/Podfile.lock\" \"${PODS_ROOT}/Manifest.lock\" > /dev/null\nif [ $? != 0 ] ; then\n    # print error to STDERR\n    echo \"error: The sandbox is not in sync with the Podfile.lock. Run 'pod install' or update your CocoaPods installation.\" >&2\n    exit 1\nfi\n# This output is used by Xcode 'outputs' to avoid re-running this script phase.\necho \"SUCCESS\" > \"${SCRIPT_OUTPUT_FILE_0}\"\n";
			showEnvVarsInLog = 0;
		};
		BCFF50E6320F731219BD6ACF /* [CP] Check Pods Manifest.lock */ = {
			isa = PBXShellScriptBuildPhase;
			buildActionMask = 2147483647;
			files = (
			);
			inputFileListPaths = (
			);
			inputPaths = (
				"${PODS_PODFILE_DIR_PATH}/Podfile.lock",
				"${PODS_ROOT}/Manifest.lock",
			);
			name = "[CP] Check Pods Manifest.lock";
			outputFileListPaths = (
			);
			outputPaths = (
				"$(DERIVED_FILE_DIR)/Pods-SpotifyMVVM-checkManifestLockResult.txt",
			);
			runOnlyForDeploymentPostprocessing = 0;
			shellPath = /bin/sh;
			shellScript = "diff \"${PODS_PODFILE_DIR_PATH}/Podfile.lock\" \"${PODS_ROOT}/Manifest.lock\" > /dev/null\nif [ $? != 0 ] ; then\n    # print error to STDERR\n    echo \"error: The sandbox is not in sync with the Podfile.lock. Run 'pod install' or update your CocoaPods installation.\" >&2\n    exit 1\nfi\n# This output is used by Xcode 'outputs' to avoid re-running this script phase.\necho \"SUCCESS\" > \"${SCRIPT_OUTPUT_FILE_0}\"\n";
			showEnvVarsInLog = 0;
		};
		D7922AD51ECA3F47FB77FDE3 /* [CP] Check Pods Manifest.lock */ = {
			isa = PBXShellScriptBuildPhase;
			buildActionMask = 2147483647;
			files = (
			);
			inputFileListPaths = (
			);
			inputPaths = (
				"${PODS_PODFILE_DIR_PATH}/Podfile.lock",
				"${PODS_ROOT}/Manifest.lock",
			);
			name = "[CP] Check Pods Manifest.lock";
			outputFileListPaths = (
			);
			outputPaths = (
				"$(DERIVED_FILE_DIR)/Pods-SpotifyMVVMTests-checkManifestLockResult.txt",
			);
			runOnlyForDeploymentPostprocessing = 0;
			shellPath = /bin/sh;
			shellScript = "diff \"${PODS_PODFILE_DIR_PATH}/Podfile.lock\" \"${PODS_ROOT}/Manifest.lock\" > /dev/null\nif [ $? != 0 ] ; then\n    # print error to STDERR\n    echo \"error: The sandbox is not in sync with the Podfile.lock. Run 'pod install' or update your CocoaPods installation.\" >&2\n    exit 1\nfi\n# This output is used by Xcode 'outputs' to avoid re-running this script phase.\necho \"SUCCESS\" > \"${SCRIPT_OUTPUT_FILE_0}\"\n";
			showEnvVarsInLog = 0;
		};
/* End PBXShellScriptBuildPhase section */

/* Begin PBXSourcesBuildPhase section */
		862737DE24F19D78007553FA /* Sources */ = {
			isa = PBXSourcesBuildPhase;
			buildActionMask = 2147483647;
			files = (
				8608BADF251E376D004F849F /* LoginViewModel.swift in Sources */,
				868DA3D6251D7A3000AE9C16 /* HomeViewModel.swift in Sources */,
				8627382924F1AA98007553FA /* UIFont+Extension.swift in Sources */,
				8627382424F1A54D007553FA /* HomeViewController.swift in Sources */,
				868DA3D4251D312800AE9C16 /* SpotifyViewStateDelegate.swift in Sources */,
				863D0CFA24F72E2C00D9855F /* SpotifyLoginButton.swift in Sources */,
				8608BAFA251E60A2004F849F /* HomeAssembly.swift in Sources */,
				8608BAF8251E5B1B004F849F /* LoginBuilder.swift in Sources */,
				8608BAE1251E377A004F849F /* LoginViewModelProtocol.swift in Sources */,
				8608BAF1251E4DDF004F849F /* StoryboardProtocol.swift in Sources */,
				86348EA624F2C4A90073A4DE /* HomeGroupModel.swift in Sources */,
				8627382124F1A4AD007553FA /* BaseNavigationController.swift in Sources */,
				8608BAFE251E61DD004F849F /* HomeBuilder.swift in Sources */,
				862737E624F19D78007553FA /* AppDelegate.swift in Sources */,
				8608BAD7251E356E004F849F /* SceneAssembly.swift in Sources */,
				86348EAC24F2D91C0073A4DE /* HomeCollectionViewCell.swift in Sources */,
				8608BAF4251E522D004F849F /* NavigationHandler.swift in Sources */,
				8627382724F1A9A8007553FA /* UIColor+Extension.swift in Sources */,
				86348EAA24F2C63F0073A4DE /* SongModel.swift in Sources */,
				862737E824F19D78007553FA /* SceneDelegate.swift in Sources */,
				8608BAD4251E33D9004F849F /* DIContainer.swift in Sources */,
				86348EA824F2C5BE0073A4DE /* CategoryModel.swift in Sources */,
				8608BAFC251E60C8004F849F /* HomeViewModelProtocol.swift in Sources */,
				86348EA324F2BEA70073A4DE /* HomeTableViewCell.swift in Sources */,
				8627381F24F1A440007553FA /* BaseViewController.swift in Sources */,
				863D0CF824F7291400D9855F /* LoginViewController.swift in Sources */,
				864F2A0D24F3F8D100D00E68 /* ArtistProfileViewController.swift in Sources */,
				86348EAE24F334BD0073A4DE /* VerticalCollectionView.swift in Sources */,
				8627383424F1B005007553FA /* Static.swift in Sources */,
				8608BADC251E3684004F849F /* LoginAssembly.swift in Sources */,
			);
			runOnlyForDeploymentPostprocessing = 0;
		};
		862737F424F19D7B007553FA /* Sources */ = {
			isa = PBXSourcesBuildPhase;
			buildActionMask = 2147483647;
			files = (
				862737FD24F19D7B007553FA /* SpotifyMVVMTests.swift in Sources */,
			);
			runOnlyForDeploymentPostprocessing = 0;
		};
		862737FF24F19D7B007553FA /* Sources */ = {
			isa = PBXSourcesBuildPhase;
			buildActionMask = 2147483647;
			files = (
				8627380824F19D7B007553FA /* SpotifyMVVMUITests.swift in Sources */,
			);
			runOnlyForDeploymentPostprocessing = 0;
		};
/* End PBXSourcesBuildPhase section */

/* Begin PBXTargetDependency section */
		862737FA24F19D7B007553FA /* PBXTargetDependency */ = {
			isa = PBXTargetDependency;
			target = 862737E124F19D78007553FA /* SpotifyMVVM */;
			targetProxy = 862737F924F19D7B007553FA /* PBXContainerItemProxy */;
		};
		8627380524F19D7B007553FA /* PBXTargetDependency */ = {
			isa = PBXTargetDependency;
			target = 862737E124F19D78007553FA /* SpotifyMVVM */;
			targetProxy = 8627380424F19D7B007553FA /* PBXContainerItemProxy */;
		};
/* End PBXTargetDependency section */

/* Begin PBXVariantGroup section */
		862737F024F19D7B007553FA /* LaunchScreen.storyboard */ = {
			isa = PBXVariantGroup;
			children = (
				862737F124F19D7B007553FA /* Base */,
				86E5D62624F1E0D600434580 /* es-419 */,
			);
			name = LaunchScreen.storyboard;
			sourceTree = "<group>";
		};
		86E5D62524F1E0C700434580 /* Localizable.strings */ = {
			isa = PBXVariantGroup;
			children = (
				86E5D62424F1E0C700434580 /* en */,
				86E5D62724F1E0D700434580 /* es-419 */,
			);
			name = Localizable.strings;
			sourceTree = "<group>";
		};
/* End PBXVariantGroup section */

/* Begin XCBuildConfiguration section */
		8627380A24F19D7B007553FA /* Debug */ = {
			isa = XCBuildConfiguration;
			buildSettings = {
				ALWAYS_SEARCH_USER_PATHS = NO;
				CLANG_ANALYZER_LOCALIZABILITY_NONLOCALIZED = YES;
				CLANG_ANALYZER_NONNULL = YES;
				CLANG_ANALYZER_NUMBER_OBJECT_CONVERSION = YES_AGGRESSIVE;
				CLANG_CXX_LANGUAGE_STANDARD = "gnu++14";
				CLANG_CXX_LIBRARY = "libc++";
				CLANG_ENABLE_MODULES = YES;
				CLANG_ENABLE_OBJC_ARC = YES;
				CLANG_ENABLE_OBJC_WEAK = YES;
				CLANG_WARN_BLOCK_CAPTURE_AUTORELEASING = YES;
				CLANG_WARN_BOOL_CONVERSION = YES;
				CLANG_WARN_COMMA = YES;
				CLANG_WARN_CONSTANT_CONVERSION = YES;
				CLANG_WARN_DEPRECATED_OBJC_IMPLEMENTATIONS = YES;
				CLANG_WARN_DIRECT_OBJC_ISA_USAGE = YES_ERROR;
				CLANG_WARN_DOCUMENTATION_COMMENTS = YES;
				CLANG_WARN_EMPTY_BODY = YES;
				CLANG_WARN_ENUM_CONVERSION = YES;
				CLANG_WARN_INFINITE_RECURSION = YES;
				CLANG_WARN_INT_CONVERSION = YES;
				CLANG_WARN_NON_LITERAL_NULL_CONVERSION = YES;
				CLANG_WARN_OBJC_IMPLICIT_RETAIN_SELF = YES;
				CLANG_WARN_OBJC_LITERAL_CONVERSION = YES;
				CLANG_WARN_OBJC_ROOT_CLASS = YES_ERROR;
				CLANG_WARN_RANGE_LOOP_ANALYSIS = YES;
				CLANG_WARN_STRICT_PROTOTYPES = YES;
				CLANG_WARN_SUSPICIOUS_MOVE = YES;
				CLANG_WARN_UNGUARDED_AVAILABILITY = YES_AGGRESSIVE;
				CLANG_WARN_UNREACHABLE_CODE = YES;
				CLANG_WARN__DUPLICATE_METHOD_MATCH = YES;
				COPY_PHASE_STRIP = NO;
				DEBUG_INFORMATION_FORMAT = dwarf;
				ENABLE_STRICT_OBJC_MSGSEND = YES;
				ENABLE_TESTABILITY = YES;
				GCC_C_LANGUAGE_STANDARD = gnu11;
				GCC_DYNAMIC_NO_PIC = NO;
				GCC_NO_COMMON_BLOCKS = YES;
				GCC_OPTIMIZATION_LEVEL = 0;
				GCC_PREPROCESSOR_DEFINITIONS = (
					"DEBUG=1",
					"$(inherited)",
				);
				GCC_WARN_64_TO_32_BIT_CONVERSION = YES;
				GCC_WARN_ABOUT_RETURN_TYPE = YES_ERROR;
				GCC_WARN_UNDECLARED_SELECTOR = YES;
				GCC_WARN_UNINITIALIZED_AUTOS = YES_AGGRESSIVE;
				GCC_WARN_UNUSED_FUNCTION = YES;
				GCC_WARN_UNUSED_VARIABLE = YES;
				IPHONEOS_DEPLOYMENT_TARGET = 13.5;
				MTL_ENABLE_DEBUG_INFO = INCLUDE_SOURCE;
				MTL_FAST_MATH = YES;
				ONLY_ACTIVE_ARCH = YES;
				SDKROOT = iphoneos;
				SWIFT_ACTIVE_COMPILATION_CONDITIONS = DEBUG;
				SWIFT_OPTIMIZATION_LEVEL = "-Onone";
			};
			name = Debug;
		};
		8627380B24F19D7B007553FA /* Release */ = {
			isa = XCBuildConfiguration;
			buildSettings = {
				ALWAYS_SEARCH_USER_PATHS = NO;
				CLANG_ANALYZER_LOCALIZABILITY_NONLOCALIZED = YES;
				CLANG_ANALYZER_NONNULL = YES;
				CLANG_ANALYZER_NUMBER_OBJECT_CONVERSION = YES_AGGRESSIVE;
				CLANG_CXX_LANGUAGE_STANDARD = "gnu++14";
				CLANG_CXX_LIBRARY = "libc++";
				CLANG_ENABLE_MODULES = YES;
				CLANG_ENABLE_OBJC_ARC = YES;
				CLANG_ENABLE_OBJC_WEAK = YES;
				CLANG_WARN_BLOCK_CAPTURE_AUTORELEASING = YES;
				CLANG_WARN_BOOL_CONVERSION = YES;
				CLANG_WARN_COMMA = YES;
				CLANG_WARN_CONSTANT_CONVERSION = YES;
				CLANG_WARN_DEPRECATED_OBJC_IMPLEMENTATIONS = YES;
				CLANG_WARN_DIRECT_OBJC_ISA_USAGE = YES_ERROR;
				CLANG_WARN_DOCUMENTATION_COMMENTS = YES;
				CLANG_WARN_EMPTY_BODY = YES;
				CLANG_WARN_ENUM_CONVERSION = YES;
				CLANG_WARN_INFINITE_RECURSION = YES;
				CLANG_WARN_INT_CONVERSION = YES;
				CLANG_WARN_NON_LITERAL_NULL_CONVERSION = YES;
				CLANG_WARN_OBJC_IMPLICIT_RETAIN_SELF = YES;
				CLANG_WARN_OBJC_LITERAL_CONVERSION = YES;
				CLANG_WARN_OBJC_ROOT_CLASS = YES_ERROR;
				CLANG_WARN_RANGE_LOOP_ANALYSIS = YES;
				CLANG_WARN_STRICT_PROTOTYPES = YES;
				CLANG_WARN_SUSPICIOUS_MOVE = YES;
				CLANG_WARN_UNGUARDED_AVAILABILITY = YES_AGGRESSIVE;
				CLANG_WARN_UNREACHABLE_CODE = YES;
				CLANG_WARN__DUPLICATE_METHOD_MATCH = YES;
				COPY_PHASE_STRIP = NO;
				DEBUG_INFORMATION_FORMAT = "dwarf-with-dsym";
				ENABLE_NS_ASSERTIONS = NO;
				ENABLE_STRICT_OBJC_MSGSEND = YES;
				GCC_C_LANGUAGE_STANDARD = gnu11;
				GCC_NO_COMMON_BLOCKS = YES;
				GCC_WARN_64_TO_32_BIT_CONVERSION = YES;
				GCC_WARN_ABOUT_RETURN_TYPE = YES_ERROR;
				GCC_WARN_UNDECLARED_SELECTOR = YES;
				GCC_WARN_UNINITIALIZED_AUTOS = YES_AGGRESSIVE;
				GCC_WARN_UNUSED_FUNCTION = YES;
				GCC_WARN_UNUSED_VARIABLE = YES;
				IPHONEOS_DEPLOYMENT_TARGET = 13.5;
				MTL_ENABLE_DEBUG_INFO = NO;
				MTL_FAST_MATH = YES;
				SDKROOT = iphoneos;
				SWIFT_COMPILATION_MODE = wholemodule;
				SWIFT_OPTIMIZATION_LEVEL = "-O";
				VALIDATE_PRODUCT = YES;
			};
			name = Release;
		};
		8627380D24F19D7B007553FA /* Debug */ = {
			isa = XCBuildConfiguration;
			baseConfigurationReference = CF02A677B4A969D84030D808 /* Pods-SpotifyMVVM.debug.xcconfig */;
			buildSettings = {
				ASSETCATALOG_COMPILER_APPICON_NAME = AppIcon;
				CODE_SIGN_STYLE = Automatic;
				DEVELOPMENT_TEAM = 7DN9Q8YVFN;
				FRAMEWORK_SEARCH_PATHS = (
					"$(inherited)",
					"$(PROJECT_DIR)/Frameworks",
				);
				INFOPLIST_FILE = "SpotifyMVVM/Supporting Files/Info.plist";
				IPHONEOS_DEPLOYMENT_TARGET = 11.0;
				LD_RUNPATH_SEARCH_PATHS = (
					"$(inherited)",
					"@executable_path/Frameworks",
				);
				PRODUCT_BUNDLE_IDENTIFIER = com.carlosladd.SpotifyMVVM;
				PRODUCT_NAME = "$(TARGET_NAME)";
				SWIFT_OBJC_BRIDGING_HEADER = "SpotifyMVVM/Supporting Files/SpotifyMVVM-Bridge.h";
				SWIFT_VERSION = 5.0;
				TARGETED_DEVICE_FAMILY = 1;
			};
			name = Debug;
		};
		8627380E24F19D7B007553FA /* Release */ = {
			isa = XCBuildConfiguration;
			baseConfigurationReference = 6D1164DC074EB16995893A9B /* Pods-SpotifyMVVM.release.xcconfig */;
			buildSettings = {
				ASSETCATALOG_COMPILER_APPICON_NAME = AppIcon;
				CODE_SIGN_STYLE = Automatic;
				DEVELOPMENT_TEAM = 3AK8P9G939;
				FRAMEWORK_SEARCH_PATHS = (
					"$(inherited)",
					"$(PROJECT_DIR)/Frameworks",
				);
				INFOPLIST_FILE = "SpotifyMVVM/Supporting Files/Info.plist";
				IPHONEOS_DEPLOYMENT_TARGET = 11.0;
				LD_RUNPATH_SEARCH_PATHS = (
					"$(inherited)",
					"@executable_path/Frameworks",
				);
				PRODUCT_BUNDLE_IDENTIFIER = com.carlosladd.SpotifyMVVM;
				PRODUCT_NAME = "$(TARGET_NAME)";
				SWIFT_OBJC_BRIDGING_HEADER = "SpotifyMVVM/Supporting Files/SpotifyMVVM-Bridge.h";
				SWIFT_VERSION = 5.0;
				TARGETED_DEVICE_FAMILY = 1;
			};
			name = Release;
		};
		8627381024F19D7B007553FA /* Debug */ = {
			isa = XCBuildConfiguration;
			baseConfigurationReference = 7AE1CB8CE9A3CC0D8E179956 /* Pods-SpotifyMVVMTests.debug.xcconfig */;
			buildSettings = {
				ALWAYS_EMBED_SWIFT_STANDARD_LIBRARIES = YES;
				BUNDLE_LOADER = "$(TEST_HOST)";
				CODE_SIGN_STYLE = Automatic;
				INFOPLIST_FILE = SpotifyMVVMTests/Info.plist;
				IPHONEOS_DEPLOYMENT_TARGET = 13.5;
				LD_RUNPATH_SEARCH_PATHS = (
					"$(inherited)",
					"@executable_path/Frameworks",
					"@loader_path/Frameworks",
				);
				PRODUCT_BUNDLE_IDENTIFIER = com.carlosladd.SpotifyMVVMTests;
				PRODUCT_NAME = "$(TARGET_NAME)";
				SWIFT_VERSION = 5.0;
				TARGETED_DEVICE_FAMILY = "1,2";
				TEST_HOST = "$(BUILT_PRODUCTS_DIR)/SpotifyMVVM.app/SpotifyMVVM";
			};
			name = Debug;
		};
		8627381124F19D7B007553FA /* Release */ = {
			isa = XCBuildConfiguration;
			baseConfigurationReference = 3DD310FC13598050E9CD9E38 /* Pods-SpotifyMVVMTests.release.xcconfig */;
			buildSettings = {
				ALWAYS_EMBED_SWIFT_STANDARD_LIBRARIES = YES;
				BUNDLE_LOADER = "$(TEST_HOST)";
				CODE_SIGN_STYLE = Automatic;
				INFOPLIST_FILE = SpotifyMVVMTests/Info.plist;
				IPHONEOS_DEPLOYMENT_TARGET = 13.5;
				LD_RUNPATH_SEARCH_PATHS = (
					"$(inherited)",
					"@executable_path/Frameworks",
					"@loader_path/Frameworks",
				);
				PRODUCT_BUNDLE_IDENTIFIER = com.carlosladd.SpotifyMVVMTests;
				PRODUCT_NAME = "$(TARGET_NAME)";
				SWIFT_VERSION = 5.0;
				TARGETED_DEVICE_FAMILY = "1,2";
				TEST_HOST = "$(BUILT_PRODUCTS_DIR)/SpotifyMVVM.app/SpotifyMVVM";
			};
			name = Release;
		};
		8627381324F19D7B007553FA /* Debug */ = {
			isa = XCBuildConfiguration;
			baseConfigurationReference = 2B834FDBBCF3BE8764D11048 /* Pods-SpotifyMVVM-SpotifyMVVMUITests.debug.xcconfig */;
			buildSettings = {
				ALWAYS_EMBED_SWIFT_STANDARD_LIBRARIES = YES;
				CODE_SIGN_STYLE = Automatic;
				INFOPLIST_FILE = SpotifyMVVMUITests/Info.plist;
				LD_RUNPATH_SEARCH_PATHS = (
					"$(inherited)",
					"@executable_path/Frameworks",
					"@loader_path/Frameworks",
				);
				PRODUCT_BUNDLE_IDENTIFIER = com.carlosladd.SpotifyMVVMUITests;
				PRODUCT_NAME = "$(TARGET_NAME)";
				SWIFT_VERSION = 5.0;
				TARGETED_DEVICE_FAMILY = "1,2";
				TEST_TARGET_NAME = SpotifyMVVM;
			};
			name = Debug;
		};
		8627381424F19D7B007553FA /* Release */ = {
			isa = XCBuildConfiguration;
			baseConfigurationReference = 7B7861638A817EB9E7D5635B /* Pods-SpotifyMVVM-SpotifyMVVMUITests.release.xcconfig */;
			buildSettings = {
				ALWAYS_EMBED_SWIFT_STANDARD_LIBRARIES = YES;
				CODE_SIGN_STYLE = Automatic;
				INFOPLIST_FILE = SpotifyMVVMUITests/Info.plist;
				LD_RUNPATH_SEARCH_PATHS = (
					"$(inherited)",
					"@executable_path/Frameworks",
					"@loader_path/Frameworks",
				);
				PRODUCT_BUNDLE_IDENTIFIER = com.carlosladd.SpotifyMVVMUITests;
				PRODUCT_NAME = "$(TARGET_NAME)";
				SWIFT_VERSION = 5.0;
				TARGETED_DEVICE_FAMILY = "1,2";
				TEST_TARGET_NAME = SpotifyMVVM;
			};
			name = Release;
		};
/* End XCBuildConfiguration section */

/* Begin XCConfigurationList section */
		862737DD24F19D78007553FA /* Build configuration list for PBXProject "SpotifyMVVM" */ = {
			isa = XCConfigurationList;
			buildConfigurations = (
				8627380A24F19D7B007553FA /* Debug */,
				8627380B24F19D7B007553FA /* Release */,
			);
			defaultConfigurationIsVisible = 0;
			defaultConfigurationName = Release;
		};
		8627380C24F19D7B007553FA /* Build configuration list for PBXNativeTarget "SpotifyMVVM" */ = {
			isa = XCConfigurationList;
			buildConfigurations = (
				8627380D24F19D7B007553FA /* Debug */,
				8627380E24F19D7B007553FA /* Release */,
			);
			defaultConfigurationIsVisible = 0;
			defaultConfigurationName = Release;
		};
		8627380F24F19D7B007553FA /* Build configuration list for PBXNativeTarget "SpotifyMVVMTests" */ = {
			isa = XCConfigurationList;
			buildConfigurations = (
				8627381024F19D7B007553FA /* Debug */,
				8627381124F19D7B007553FA /* Release */,
			);
			defaultConfigurationIsVisible = 0;
			defaultConfigurationName = Release;
		};
		8627381224F19D7B007553FA /* Build configuration list for PBXNativeTarget "SpotifyMVVMUITests" */ = {
			isa = XCConfigurationList;
			buildConfigurations = (
				8627381324F19D7B007553FA /* Debug */,
				8627381424F19D7B007553FA /* Release */,
			);
			defaultConfigurationIsVisible = 0;
			defaultConfigurationName = Release;
		};
/* End XCConfigurationList section */
	};
	rootObject = 862737DA24F19D78007553FA /* Project object */;
}
